Microsoft Visual Studio Solution File, Format Version 12.00
# Visual Studio Version 17
VisualStudioVersion = 17.9.34728.123
MinimumVisualStudioVersion = 10.0.40219.1
Project("{9A19103F-16F7-4668-BE54-9A1E7A4F7556}") = "StaadPro.Interop", "src\StaadPro.Interop\StaadPro.Interop.csproj", "{B7C91D4E-5E32-4D21-9A74-1234567890AB}"
EndProject
Project("{9A19103F-16F7-4668-BE54-9A1E7A4F7556}") = "StaadPro.Interop.Tests", "tests\StaadPro.Interop.Tests\StaadPro.Interop.Tests.csproj", "{C8DA2E5F-6F43-5E32-AB85-2345678901CD}"
EndProject
Global
	GlobalSection(SolutionConfigurationPlatforms) = preSolution
		Debug|Any CPU = Debug|Any CPU
		Release|Any CPU = Release|Any CPU
	EndGlobalSection
	GlobalSection(ProjectConfigurationPlatforms) = postSolution
		{B7C91D4E-5E32-4D21-9A74-1234567890AB}.Debug|Any CPU.ActiveCfg = Debug|Any CPU
		{B7C91D4E-5E32-4D21-9A74-1234567890AB}.Debug|Any CPU.Build.0 = Debug|Any CPU
		{B7C91D4E-5E32-4D21-9A74-1234567890AB}.Release|Any CPU.ActiveCfg = Release|Any CPU
		{B7C91D4E-5E32-4D21-9A74-1234567890AB}.Release|Any CPU.Build.0 = Release|Any CPU
		{C8DA2E5F-6F43-5E32-AB85-2345678901CD}.Debug|Any CPU.ActiveCfg = Debug|Any CPU
		{C8DA2E5F-6F43-5E32-AB85-2345678901CD}.Debug|Any CPU.Build.0 = Debug|Any CPU
		{C8DA2E5F-6F43-5E32-AB85-2345678901CD}.Release|Any CPU.ActiveCfg = Release|Any CPU
		{C8DA2E5F-6F43-5E32-AB85-2345678901CD}.Release|Any CPU.Build.0 = Release|Any CPU
	EndGlobalSection
	GlobalSection(SolutionProperties) = preSolution
		HideSolutionNode = FALSE
	EndGlobalSection
EndGlobal
